# This file is generated by running "yarn install" inside your project.
# Manual changes might be lost - proceed with caution!

__metadata:
  version: 6
  cacheKey: 8

"@sinclair/typebox@npm:^0.27.4":
  version: 0.27.8
  resolution: "@sinclair/typebox@npm:0.27.8"
  checksum: 00bd7362a3439021aa1ea51b0e0d0a0e8ca1351a3d54c606b115fdcc49b51b16db6e5f43b4fe7a28c38688523e22a94d49dd31168868b655f0d4d50f032d07a1
  languageName: node
  linkType: hard

"@triplit/db@npm:^0.0.37":
  version: 0.0.37
  resolution: "@triplit/db@npm:0.0.37"
  dependencies:
    "@sinclair/typebox": ^0.27.4
    ajv-formats: ^2.1.1
    idb: ^7.1.1
    nanoid: ^3.0.0
    pino: ^8.11.0
    sorted-btree: ^1.8.1
    tinybench: ^2.5.0
    tuple-database: ^2.2.0
    zod: ^3.20.6
  checksum: bb7db4273ebc5768a454fdf62a774bef8b30a421e0bdcc7efd09b2d561ca1a99a59664922728f53aacccd935670236aaac54cb3278f007411e8dc5833a8cec85
  languageName: node
  linkType: hard

"@triplit/types@workspace:.":
  version: 0.0.0-use.local
  resolution: "@triplit/types@workspace:."
  dependencies:
    "@triplit/db": ^0.0.37
    typescript: ^5.2.2
  languageName: unknown
  linkType: soft

"abort-controller@npm:^3.0.0":
  version: 3.0.0
  resolution: "abort-controller@npm:3.0.0"
  dependencies:
    event-target-shim: ^5.0.0
  checksum: 170bdba9b47b7e65906a28c8ce4f38a7a369d78e2271706f020849c1bfe0ee2067d4261df8bbb66eb84f79208fd5b710df759d64191db58cfba7ce8ef9c54b75
  languageName: node
  linkType: hard

"ajv-formats@npm:^2.1.1":
  version: 2.1.1
  resolution: "ajv-formats@npm:2.1.1"
  dependencies:
    ajv: ^8.0.0
  peerDependencies:
    ajv: ^8.0.0
  peerDependenciesMeta:
    ajv:
      optional: true
  checksum: 4a287d937f1ebaad4683249a4c40c0fa3beed30d9ddc0adba04859026a622da0d317851316ea64b3680dc60f5c3c708105ddd5d5db8fe595d9d0207fd19f90b7
  languageName: node
  linkType: hard

"ajv@npm:^8.0.0":
  version: 8.12.0
  resolution: "ajv@npm:8.12.0"
  dependencies:
    fast-deep-equal: ^3.1.1
    json-schema-traverse: ^1.0.0
    require-from-string: ^2.0.2
    uri-js: ^4.2.2
  checksum: 4dc13714e316e67537c8b31bc063f99a1d9d9a497eb4bbd55191ac0dcd5e4985bbb71570352ad6f1e76684fb6d790928f96ba3b2d4fd6e10024be9612fe3f001
  languageName: node
  linkType: hard

"atomic-sleep@npm:^1.0.0":
  version: 1.0.0
  resolution: "atomic-sleep@npm:1.0.0"
  checksum: b95275afb2f80732f22f43a60178430c468906a415a7ff18bcd0feeebc8eec3930b51250aeda91a476062a90e07132b43a1794e8d8ffcf9b650e8139be75fa36
  languageName: node
  linkType: hard

"base64-js@npm:^1.3.1":
  version: 1.5.1
  resolution: "base64-js@npm:1.5.1"
  checksum: 669632eb3745404c2f822a18fc3a0122d2f9a7a13f7fb8b5823ee19d1d2ff9ee5b52c53367176ea4ad093c332fd5ab4bd0ebae5a8e27917a4105a4cfc86b1005
  languageName: node
  linkType: hard

"buffer@npm:^6.0.3":
  version: 6.0.3
  resolution: "buffer@npm:6.0.3"
  dependencies:
    base64-js: ^1.3.1
    ieee754: ^1.2.1
  checksum: 5ad23293d9a731e4318e420025800b42bf0d264004c0286c8cc010af7a270c7a0f6522e84f54b9ad65cbd6db20b8badbfd8d2ebf4f80fa03dab093b89e68c3f9
  languageName: node
  linkType: hard

"charenc@npm:0.0.2":
  version: 0.0.2
  resolution: "charenc@npm:0.0.2"
  checksum: 81dcadbe57e861d527faf6dd3855dc857395a1c4d6781f4847288ab23cffb7b3ee80d57c15bba7252ffe3e5e8019db767757ee7975663ad2ca0939bb8fcaf2e5
  languageName: node
  linkType: hard

"crypt@npm:0.0.2":
  version: 0.0.2
  resolution: "crypt@npm:0.0.2"
  checksum: baf4c7bbe05df656ec230018af8cf7dbe8c14b36b98726939cef008d473f6fe7a4fad906cfea4062c93af516f1550a3f43ceb4d6615329612c6511378ed9fe34
  languageName: node
  linkType: hard

"elen@npm:^1.0.10":
  version: 1.0.10
  resolution: "elen@npm:1.0.10"
  checksum: 30629e4fda74eec3b7386acbc0e3fba952644836e3bdfe4089b21e2a95f5c8fcc1f9107cad9a2b0e77ddd2284657a64cafde97525b3a6a34d5fd3f80a8fd5a63
  languageName: node
  linkType: hard

"event-target-shim@npm:^5.0.0":
  version: 5.0.1
  resolution: "event-target-shim@npm:5.0.1"
  checksum: 1ffe3bb22a6d51bdeb6bf6f7cf97d2ff4a74b017ad12284cc9e6a279e727dc30a5de6bb613e5596ff4dc3e517841339ad09a7eec44266eccb1aa201a30448166
  languageName: node
  linkType: hard

"events@npm:^3.3.0":
  version: 3.3.0
  resolution: "events@npm:3.3.0"
  checksum: f6f487ad2198aa41d878fa31452f1a3c00958f46e9019286ff4787c84aac329332ab45c9cdc8c445928fc6d7ded294b9e005a7fce9426488518017831b272780
  languageName: node
  linkType: hard

"fast-deep-equal@npm:^3.1.1":
  version: 3.1.3
  resolution: "fast-deep-equal@npm:3.1.3"
  checksum: e21a9d8d84f53493b6aa15efc9cfd53dd5b714a1f23f67fb5dc8f574af80df889b3bce25dc081887c6d25457cce704e636395333abad896ccdec03abaf1f3f9d
  languageName: node
  linkType: hard

"fast-redact@npm:^3.1.1":
  version: 3.3.0
  resolution: "fast-redact@npm:3.3.0"
  checksum: 3f7becc70a5a2662a9cbfdc52a4291594f62ae998806ee00315af307f32d9559dbf512146259a22739ee34401950ef47598c1f4777d33b0ed5027203d67f549c
  languageName: node
  linkType: hard

"fractional-indexing@npm:^3.1.0":
  version: 3.2.0
  resolution: "fractional-indexing@npm:3.2.0"
  checksum: e5215b0c0902e89180f9538b607bd61b79693a71822fd9d9c3f762468248a4e96781d51322c838c5f7670c6591ef24aac12d0df2c9d5564d01be6e9687a2c47a
  languageName: node
  linkType: hard

"fs-extra@npm:^11.1.0":
  version: 11.1.1
  resolution: "fs-extra@npm:11.1.1"
  dependencies:
    graceful-fs: ^4.2.0
    jsonfile: ^6.0.1
    universalify: ^2.0.0
  checksum: fb883c68245b2d777fbc1f2082c9efb084eaa2bbf9fddaa366130d196c03608eebef7fb490541276429ee1ca99f317e2d73e96f5ca0999eefedf5a624ae1edfd
  languageName: node
  linkType: hard

"graceful-fs@npm:^4.1.6, graceful-fs@npm:^4.2.0":
  version: 4.2.11
  resolution: "graceful-fs@npm:4.2.11"
  checksum: ac85f94da92d8eb6b7f5a8b20ce65e43d66761c55ce85ac96df6865308390da45a8d3f0296dd3a663de65d30ba497bd46c696cc1e248c72b13d6d567138a4fc7
  languageName: node
  linkType: hard

"idb@npm:^7.1.1":
  version: 7.1.1
  resolution: "idb@npm:7.1.1"
  checksum: 1973c28d53c784b177bdef9f527ec89ec239ec7cf5fcbd987dae75a16c03f5b7dfcc8c6d3285716fd0309dd57739805390bd9f98ce23b1b7d8849a3b52de8d56
  languageName: node
  linkType: hard

"ieee754@npm:^1.2.1":
  version: 1.2.1
  resolution: "ieee754@npm:1.2.1"
  checksum: 5144c0c9815e54ada181d80a0b810221a253562422e7c6c3a60b1901154184f49326ec239d618c416c1c5945a2e197107aee8d986a3dd836b53dffefd99b5e7e
  languageName: node
  linkType: hard

"is-buffer@npm:~1.1.6":
  version: 1.1.6
  resolution: "is-buffer@npm:1.1.6"
  checksum: 4a186d995d8bbf9153b4bd9ff9fd04ae75068fe695d29025d25e592d9488911eeece84eefbd8fa41b8ddcc0711058a71d4c466dcf6f1f6e1d83830052d8ca707
  languageName: node
  linkType: hard

"json-schema-traverse@npm:^1.0.0":
  version: 1.0.0
  resolution: "json-schema-traverse@npm:1.0.0"
  checksum: 02f2f466cdb0362558b2f1fd5e15cce82ef55d60cd7f8fa828cf35ba74330f8d767fcae5c5c2adb7851fa811766c694b9405810879bc4e1ddd78a7c0e03658ad
  languageName: node
  linkType: hard

"jsonfile@npm:^6.0.1":
  version: 6.1.0
  resolution: "jsonfile@npm:6.1.0"
  dependencies:
    graceful-fs: ^4.1.6
    universalify: ^2.0.0
  dependenciesMeta:
    graceful-fs:
      optional: true
  checksum: 7af3b8e1ac8fe7f1eccc6263c6ca14e1966fcbc74b618d3c78a0a2075579487547b94f72b7a1114e844a1e15bb00d440e5d1720bfc4612d790a6f285d5ea8354
  languageName: node
  linkType: hard

"lodash@npm:^4.17.21":
  version: 4.17.21
  resolution: "lodash@npm:4.17.21"
  checksum: eb835a2e51d381e561e508ce932ea50a8e5a68f4ebdd771ea240d3048244a8d13658acbd502cd4829768c56f2e16bdd4340b9ea141297d472517b83868e677f7
  languageName: node
  linkType: hard

"md5@npm:^2.3.0":
  version: 2.3.0
  resolution: "md5@npm:2.3.0"
  dependencies:
    charenc: 0.0.2
    crypt: 0.0.2
    is-buffer: ~1.1.6
  checksum: a63cacf4018dc9dee08c36e6f924a64ced735b37826116c905717c41cebeb41a522f7a526ba6ad578f9c80f02cb365033ccd67fe186ffbcc1a1faeb75daa9b6e
  languageName: node
  linkType: hard

"nanoid@npm:^3.0.0":
  version: 3.3.6
  resolution: "nanoid@npm:3.3.6"
  bin:
    nanoid: bin/nanoid.cjs
  checksum: 7d0eda657002738aa5206107bd0580aead6c95c460ef1bdd0b1a87a9c7ae6277ac2e9b945306aaa5b32c6dcb7feaf462d0f552e7f8b5718abfc6ead5c94a71b3
  languageName: node
  linkType: hard

"on-exit-leak-free@npm:^2.1.0":
  version: 2.1.2
  resolution: "on-exit-leak-free@npm:2.1.2"
  checksum: 6ce7acdc7b9ceb51cf029b5239cbf41937ee4c8dcd9d4e475e1777b41702564d46caa1150a744e00da0ac6d923ab83471646a39a4470f97481cf6e2d8d253c3f
  languageName: node
  linkType: hard

"pino-abstract-transport@npm:v1.1.0":
  version: 1.1.0
  resolution: "pino-abstract-transport@npm:1.1.0"
  dependencies:
    readable-stream: ^4.0.0
    split2: ^4.0.0
  checksum: cc84caabee5647b5753ae484d5f63a1bca0f6e1791845e2db2b6d830a561c2b5dd1177720f68d78994c8a93aecc69f2729e6ac2bc871a1bf5bb4b0ec17210668
  languageName: node
  linkType: hard

"pino-std-serializers@npm:^6.0.0":
  version: 6.2.2
  resolution: "pino-std-serializers@npm:6.2.2"
  checksum: aeb0662edc46ec926de9961ed4780a4f0586bb7c37d212cd469c069639e7816887a62c5093bc93f260a4e0900322f44fc8ab1343b5a9fa2864a888acccdb22a4
  languageName: node
  linkType: hard

"pino@npm:^8.11.0":
  version: 8.16.0
  resolution: "pino@npm:8.16.0"
  dependencies:
    atomic-sleep: ^1.0.0
    fast-redact: ^3.1.1
    on-exit-leak-free: ^2.1.0
    pino-abstract-transport: v1.1.0
    pino-std-serializers: ^6.0.0
    process-warning: ^2.0.0
    quick-format-unescaped: ^4.0.3
    real-require: ^0.2.0
    safe-stable-stringify: ^2.3.1
    sonic-boom: ^3.7.0
    thread-stream: ^2.0.0
  bin:
    pino: bin.js
  checksum: c3af0d1d80d0a7ec59530e6c3668895ac813762829ea0b7e316057370f58011d09e128e67289665652904367a1f27f87cca4e564eb3ff2a0d46219f12fcf896e
  languageName: node
  linkType: hard

"process-warning@npm:^2.0.0":
  version: 2.2.0
  resolution: "process-warning@npm:2.2.0"
  checksum: 394ae451c2622ee7d014a7196d36658fc1a5d5cc9f3bfeb54aadd5b77fcfecc89a30a25db259ae76ff49fde3f3f3dd7031dcdfb4da2e5445dac795549352e5d0
  languageName: node
  linkType: hard

"process@npm:^0.11.10":
  version: 0.11.10
  resolution: "process@npm:0.11.10"
  checksum: bfcce49814f7d172a6e6a14d5fa3ac92cc3d0c3b9feb1279774708a719e19acd673995226351a082a9ae99978254e320ccda4240ddc474ba31a76c79491ca7c3
  languageName: node
  linkType: hard

"punycode@npm:^2.1.0":
  version: 2.3.0
  resolution: "punycode@npm:2.3.0"
  checksum: 39f760e09a2a3bbfe8f5287cf733ecdad69d6af2fe6f97ca95f24b8921858b91e9ea3c9eeec6e08cede96181b3bb33f95c6ffd8c77e63986508aa2e8159fa200
  languageName: node
  linkType: hard

"quick-format-unescaped@npm:^4.0.3":
  version: 4.0.4
  resolution: "quick-format-unescaped@npm:4.0.4"
  checksum: 7bc32b99354a1aa46c089d2a82b63489961002bb1d654cee3e6d2d8778197b68c2d854fd23d8422436ee1fdfd0abaddc4d4da120afe700ade68bd357815b26fd
  languageName: node
  linkType: hard

"readable-stream@npm:^4.0.0":
  version: 4.4.2
  resolution: "readable-stream@npm:4.4.2"
  dependencies:
    abort-controller: ^3.0.0
    buffer: ^6.0.3
    events: ^3.3.0
    process: ^0.11.10
    string_decoder: ^1.3.0
  checksum: 6f4063763dbdb52658d22d3f49ca976420e1fbe16bbd241f744383715845350b196a2f08b8d6330f8e219153dff34b140aeefd6296da828e1041a7eab1f20d5e
  languageName: node
  linkType: hard

"real-require@npm:^0.2.0":
  version: 0.2.0
  resolution: "real-require@npm:0.2.0"
  checksum: fa060f19f2f447adf678d1376928c76379dce5f72bd334da301685ca6cdcb7b11356813332cc243c88470796bc2e2b1e2917fc10df9143dd93c2ea608694971d
  languageName: node
  linkType: hard

"require-from-string@npm:^2.0.2":
  version: 2.0.2
  resolution: "require-from-string@npm:2.0.2"
  checksum: a03ef6895445f33a4015300c426699bc66b2b044ba7b670aa238610381b56d3f07c686251740d575e22f4c87531ba662d06937508f0f3c0f1ddc04db3130560b
  languageName: node
  linkType: hard

"safe-buffer@npm:~5.2.0":
  version: 5.2.1
  resolution: "safe-buffer@npm:5.2.1"
  checksum: b99c4b41fdd67a6aaf280fcd05e9ffb0813654894223afb78a31f14a19ad220bba8aba1cb14eddce1fcfb037155fe6de4e861784eb434f7d11ed58d1e70dd491
  languageName: node
  linkType: hard

"safe-stable-stringify@npm:^2.3.1":
  version: 2.4.3
  resolution: "safe-stable-stringify@npm:2.4.3"
  checksum: 3aeb64449706ee1f5ad2459fc99648b131d48e7a1fbb608d7c628020177512dc9d94108a5cb61bbc953985d313d0afea6566d243237743e02870490afef04b43
  languageName: node
  linkType: hard

"sonic-boom@npm:^3.7.0":
  version: 3.7.0
  resolution: "sonic-boom@npm:3.7.0"
  dependencies:
    atomic-sleep: ^1.0.0
  checksum: 528f0f7f7e09dcdb02ad5985039f66554266cbd8813f9920781607c9248e01f468598c1334eab2cc740c016a63c8b2a20e15c3f618cddb08ea1cfb4a390a796e
  languageName: node
  linkType: hard

"sorted-btree@npm:^1.8.1":
  version: 1.8.1
  resolution: "sorted-btree@npm:1.8.1"
  checksum: 1fc6c99100286e727446681224ce07fecc7a13097231a34c091ae549dc86c9bc0f23c7d0451aecc53f85c968ceb1bd14a65431fd98171ce45b4012e9908582a6
  languageName: node
  linkType: hard

"split2@npm:^4.0.0":
  version: 4.2.0
  resolution: "split2@npm:4.2.0"
  checksum: 05d54102546549fe4d2455900699056580cca006c0275c334611420f854da30ac999230857a85fdd9914dc2109ae50f80fda43d2a445f2aa86eccdc1dfce779d
  languageName: node
  linkType: hard

"string_decoder@npm:^1.3.0":
  version: 1.3.0
  resolution: "string_decoder@npm:1.3.0"
  dependencies:
    safe-buffer: ~5.2.0
  checksum: 8417646695a66e73aefc4420eb3b84cc9ffd89572861fe004e6aeb13c7bc00e2f616247505d2dbbef24247c372f70268f594af7126f43548565c68c117bdeb56
  languageName: node
  linkType: hard

"thread-stream@npm:^2.0.0":
  version: 2.4.1
  resolution: "thread-stream@npm:2.4.1"
  dependencies:
    real-require: ^0.2.0
  checksum: 8b28e11eab2f805f963e6b6b23afab5523079575c4fc79c16eb29aa1c13d7931289762ebbc1268b3373d3f35ce795bd291df8e2d51eb45779ecaaecd06873459
  languageName: node
  linkType: hard

"tinybench@npm:^2.5.0":
  version: 2.5.1
  resolution: "tinybench@npm:2.5.1"
  checksum: 6d98526c00b68b50ab0a37590b3cc6713b96fee7dd6756a2a77bab071ed1b4a4fc54e7b11e28b35ec2f761c6a806c2befa95f10acf2fee111c49327b6fc3386f
  languageName: node
  linkType: hard

"tuple-database@npm:^2.2.0":
  version: 2.2.4
  resolution: "tuple-database@npm:2.2.4"
  dependencies:
    elen: ^1.0.10
    fractional-indexing: ^3.1.0
    fs-extra: ^11.1.0
    lodash: ^4.17.21
    md5: ^2.3.0
    uuid: ^9.0.0
  peerDependencies:
    react: "*"
  peerDependenciesMeta:
    react:
      optional: true
  checksum: 2f9c6c346ae4b4eb0d103cfc92d0d6c02f3ee41e86ef7ce3d323fda7820deb8caaa44970f9e758ce5dc0c5ba643460d04f00f09e2e7b73f9f807b39c22985828
  languageName: node
  linkType: hard

"typescript@npm:^5.2.2":
  version: 5.2.2
  resolution: "typescript@npm:5.2.2"
  bin:
    tsc: bin/tsc
    tsserver: bin/tsserver
  checksum: 7912821dac4d962d315c36800fe387cdc0a6298dba7ec171b350b4a6e988b51d7b8f051317786db1094bd7431d526b648aba7da8236607febb26cf5b871d2d3c
  languageName: node
  linkType: hard

"typescript@patch:typescript@^5.2.2#~builtin<compat/typescript>":
  version: 5.2.2
  resolution: "typescript@patch:typescript@npm%3A5.2.2#~builtin<compat/typescript>::version=5.2.2&hash=1f5320"
  bin:
    tsc: bin/tsc
    tsserver: bin/tsserver
  checksum: 07106822b4305de3f22835cbba949a2b35451cad50888759b6818421290ff95d522b38ef7919e70fb381c5fe9c1c643d7dea22c8b31652a717ddbd57b7f4d554
  languageName: node
  linkType: hard

"universalify@npm:^2.0.0":
  version: 2.0.0
  resolution: "universalify@npm:2.0.0"
  checksum: 2406a4edf4a8830aa6813278bab1f953a8e40f2f63a37873ffa9a3bc8f9745d06cc8e88f3572cb899b7e509013f7f6fcc3e37e8a6d914167a5381d8440518c44
  languageName: node
  linkType: hard

"uri-js@npm:^4.2.2":
  version: 4.4.1
  resolution: "uri-js@npm:4.4.1"
  dependencies:
    punycode: ^2.1.0
  checksum: 7167432de6817fe8e9e0c9684f1d2de2bb688c94388f7569f7dbdb1587c9f4ca2a77962f134ec90be0cc4d004c939ff0d05acc9f34a0db39a3c797dada262633
  languageName: node
  linkType: hard

"uuid@npm:^9.0.0":
  version: 9.0.1
  resolution: "uuid@npm:9.0.1"
  bin:
    uuid: dist/bin/uuid
  checksum: 39931f6da74e307f51c0fb463dc2462807531dc80760a9bff1e35af4316131b4fc3203d16da60ae33f07fdca5b56f3f1dd662da0c99fea9aaeab2004780cc5f4
  languageName: node
  linkType: hard

"zod@npm:^3.20.6":
  version: 3.22.4
  resolution: "zod@npm:3.22.4"
  checksum: 80bfd7f8039b24fddeb0718a2ec7c02aa9856e4838d6aa4864335a047b6b37a3273b191ef335bf0b2002e5c514ef261ffcda5a589fb084a48c336ffc4cdbab7f
  languageName: node
  linkType: hard
